PODS:
  - Nimble (5.1.1)
  - Promissum (1.0.0):
    - Promissum/Core (= 1.0.0)
  - Promissum/Core (1.0.0)

DEPENDENCIES:
  - Nimble
  - Promissum

SPEC CHECKSUMS:
  Nimble: 415e3aa3267e7bc2c96b05fa814ddea7bb686a29
  Promissum: d1ef42a34fa40f119f011ed89e26234a2f6164c1

PODFILE CHECKSUM: c9f70e51d19b63b7a6603cac608231431f407ce5

COCOAPODS: 1.1.1
